
Microsoft Visual Studio Solution File, Format Version 12.00
# Visual Studio 15
VisualStudioVersion = 15.0.28307.421
MinimumVisualStudioVersion = 10.0.40219.1
Project("{FAE04EC0-301F-11D3-BF4B-00C04F79EFBC}") = "Lab6-ExceptionHandling", "Lab6-ExceptionHandling\Lab6-ExceptionHandling.csproj", "{7DEC96E3-F122-4BD9-98B1-EE74B7F74E4E}"
EndProject
Global
	GlobalSection(SolutionConfigurationPlatforms) = preSolution
		Debug|Any CPU = Debug|Any CPU
		Release|Any CPU = Release|Any CPU
	EndGlobalSection
	GlobalSection(ProjectConfigurationPlatforms) = postSolution
		{7DEC96E3-F122-4BD9-98B1-EE74B7F74E4E}.Debug|Any CPU.ActiveCfg = Debug|Any CPU
		{7DEC96E3-F122-4BD9-98B1-EE74B7F74E4E}.Debug|Any CPU.Build.0 = Debug|Any CPU
		{7DEC96E3-F122-4BD9-98B1-EE74B7F74E4E}.Release|Any CPU.ActiveCfg = Release|Any CPU
		{7DEC96E3-F122-4BD9-98B1-EE74B7F74E4E}.Release|Any CPU.Build.0 = Release|Any CPU
	EndGlobalSection
	GlobalSection(SolutionProperties) = preSolution
		HideSolutionNode = FALSE
	EndGlobalSection
	GlobalSection(ExtensibilityGlobals) = postSolution
		SolutionGuid = {AC8B6282-A041-46B9-883C-06FE9A57B830}
	EndGlobalSection
EndGlobal
